// !$*UTF8*$!
{
	archiveVersion = 1;
	classes = {
	};
	objectVersion = 46;
	objects = {

/* Begin PBXBuildFile section */
		F7B378891E5801ED00E39D61 /* main.m in Sources */ = {isa = PBXBuildFile; fileRef = F7B378881E5801ED00E39D61 /* main.m */; };
		F7B3788C1E5801ED00E39D61 /* AppDelegate.m in Sources */ = {isa = PBXBuildFile; fileRef = F7B3788B1E5801ED00E39D61 /* AppDelegate.m */; };
		F7B378921E5801ED00E39D61 /* Main.storyboard in Resources */ = {isa = PBXBuildFile; fileRef = F7B378901E5801ED00E39D61 /* Main.storyboard */; };
		F7B378941E5801ED00E39D61 /* Assets.xcassets in Resources */ = {isa = PBXBuildFile; fileRef = F7B378931E5801ED00E39D61 /* Assets.xcassets */; };
		F7B378971E5801ED00E39D61 /* LaunchScreen.storyboard in Resources */ = {isa = PBXBuildFile; fileRef = F7B378951E5801ED00E39D61 /* LaunchScreen.storyboard */; };
		F7B378AE1E59493800E39D61 /* TnDashboardViewController.m in Sources */ = {isa = PBXBuildFile; fileRef = F7B378AD1E59493800E39D61 /* TnDashboardViewController.m */; };
		F7B378B11E594AA100E39D61 /* TnPullableView.m in Sources */ = {isa = PBXBuildFile; fileRef = F7B378B01E594AA100E39D61 /* TnPullableView.m */; };
		F7B378B71E594FDC00E39D61 /* TnShortcutPullableView.m in Sources */ = {isa = PBXBuildFile; fileRef = F7B378B61E594FDC00E39D61 /* TnShortcutPullableView.m */; };
/* End PBXBuildFile section */

/* Begin PBXFileReference section */
		F7B378841E5801ED00E39D61 /* ScoutShortcut.app */ = {isa = PBXFileReference; explicitFileType = wrapper.application; includeInIndex = 0; path = ScoutShortcut.app; sourceTree = BUILT_PRODUCTS_DIR; };
		F7B378881E5801ED00E39D61 /* main.m */ = {isa = PBXFileReference; lastKnownFileType = sourcecode.c.objc; path = main.m; sourceTree = "<group>"; };
		F7B3788A1E5801ED00E39D61 /* AppDelegate.h */ = {isa = PBXFileReference; lastKnownFileType = sourcecode.c.h; path = AppDelegate.h; sourceTree = "<group>"; };
		F7B3788B1E5801ED00E39D61 /* AppDelegate.m */ = {isa = PBXFileReference; lastKnownFileType = sourcecode.c.objc; path = AppDelegate.m; sourceTree = "<group>"; };
		F7B378911E5801ED00E39D61 /* Base */ = {isa = PBXFileReference; lastKnownFileType = file.storyboard; name = Base; path = Base.lproj/Main.storyboard; sourceTree = "<group>"; };
		F7B378931E5801ED00E39D61 /* Assets.xcassets */ = {isa = PBXFileReference; lastKnownFileType = folder.assetcatalog; path = Assets.xcassets; sourceTree = "<group>"; };
		F7B378961E5801ED00E39D61 /* Base */ = {isa = PBXFileReference; lastKnownFileType = file.storyboard; name = Base; path = Base.lproj/LaunchScreen.storyboard; sourceTree = "<group>"; };
		F7B378981E5801ED00E39D61 /* Info.plist */ = {isa = PBXFileReference; lastKnownFileType = text.plist.xml; path = Info.plist; sourceTree = "<group>"; };
		F7B378AC1E59493800E39D61 /* TnDashboardViewController.h */ = {isa = PBXFileReference; fileEncoding = 4; lastKnownFileType = sourcecode.c.h; path = TnDashboardViewController.h; sourceTree = "<group>"; };
		F7B378AD1E59493800E39D61 /* TnDashboardViewController.m */ = {isa = PBXFileReference; fileEncoding = 4; lastKnownFileType = sourcecode.c.objc; path = TnDashboardViewController.m; sourceTree = "<group>"; };
		F7B378AF1E594AA100E39D61 /* TnPullableView.h */ = {isa = PBXFileReference; fileEncoding = 4; lastKnownFileType = sourcecode.c.h; path = TnPullableView.h; sourceTree = "<group>"; };
		F7B378B01E594AA100E39D61 /* TnPullableView.m */ = {isa = PBXFileReference; fileEncoding = 4; lastKnownFileType = sourcecode.c.objc; path = TnPullableView.m; sourceTree = "<group>"; };
		F7B378B51E594FDC00E39D61 /* TnShortcutPullableView.h */ = {isa = PBXFileReference; fileEncoding = 4; lastKnownFileType = sourcecode.c.h; path = TnShortcutPullableView.h; sourceTree = "<group>"; };
		F7B378B61E594FDC00E39D61 /* TnShortcutPullableView.m */ = {isa = PBXFileReference; fileEncoding = 4; lastKnownFileType = sourcecode.c.objc; path = TnShortcutPullableView.m; sourceTree = "<group>"; };
/* End PBXFileReference section */

/* Begin PBXFrameworksBuildPhase section */
		F7B378811E5801ED00E39D61 /* Frameworks */ = {
			isa = PBXFrameworksBuildPhase;
			buildActionMask = 2147483647;
			files = (
			);
			runOnlyForDeploymentPostprocessing = 0;
		};
/* End PBXFrameworksBuildPhase section */

/* Begin PBXGroup section */
		F7B3787B1E5801ED00E39D61 = {
			isa = PBXGroup;
			children = (
				F7B378861E5801ED00E39D61 /* ScoutShortcut */,
				F7B378851E5801ED00E39D61 /* Products */,
			);
			sourceTree = "<group>";
		};
		F7B378851E5801ED00E39D61 /* Products */ = {
			isa = PBXGroup;
			children = (
				F7B378841E5801ED00E39D61 /* ScoutShortcut.app */,
			);
			name = Products;
			sourceTree = "<group>";
		};
		F7B378861E5801ED00E39D61 /* ScoutShortcut */ = {
			isa = PBXGroup;
			children = (
				F7B3788A1E5801ED00E39D61 /* AppDelegate.h */,
				F7B3788B1E5801ED00E39D61 /* AppDelegate.m */,
				F7B378AC1E59493800E39D61 /* TnDashboardViewController.h */,
				F7B378AD1E59493800E39D61 /* TnDashboardViewController.m */,
				F7B378AF1E594AA100E39D61 /* TnPullableView.h */,
				F7B378B01E594AA100E39D61 /* TnPullableView.m */,
				F7B378B51E594FDC00E39D61 /* TnShortcutPullableView.h */,
				F7B378B61E594FDC00E39D61 /* TnShortcutPullableView.m */,
				F7B378901E5801ED00E39D61 /* Main.storyboard */,
				F7B378931E5801ED00E39D61 /* Assets.xcassets */,
				F7B378951E5801ED00E39D61 /* LaunchScreen.storyboard */,
				F7B378981E5801ED00E39D61 /* Info.plist */,
				F7B378871E5801ED00E39D61 /* Supporting Files */,
			);
			path = ScoutShortcut;
			sourceTree = "<group>";
		};
		F7B378871E5801ED00E39D61 /* Supporting Files */ = {
			isa = PBXGroup;
			children = (
				F7B378881E5801ED00E39D61 /* main.m */,
			);
			name = "Supporting Files";
			sourceTree = "<group>";
		};
/* End PBXGroup section */

/* Begin PBXNativeTarget section */
		F7B378831E5801ED00E39D61 /* ScoutShortcut */ = {
			isa = PBXNativeTarget;
			buildConfigurationList = F7B3789B1E5801ED00E39D61 /* Build configuration list for PBXNativeTarget "ScoutShortcut" */;
			buildPhases = (
				F7B378801E5801ED00E39D61 /* Sources */,
				F7B378811E5801ED00E39D61 /* Frameworks */,
				F7B378821E5801ED00E39D61 /* Resources */,
			);
			buildRules = (
			);
			dependencies = (
			);
			name = ScoutShortcut;
			productName = ScoutShortcut;
			productReference = F7B378841E5801ED00E39D61 /* ScoutShortcut.app */;
			productType = "com.apple.product-type.application";
		};
/* End PBXNativeTarget section */

/* Begin PBXProject section */
		F7B3787C1E5801ED00E39D61 /* Project object */ = {
			isa = PBXProject;
			attributes = {
				LastUpgradeCheck = 0820;
				ORGANIZATIONNAME = ClaireZhang;
				TargetAttributes = {
					F7B378831E5801ED00E39D61 = {
						CreatedOnToolsVersion = 8.2.1;
						DevelopmentTeam = 8R5SSX8RV5;
						ProvisioningStyle = Automatic;
					};
				};
			};
			buildConfigurationList = F7B3787F1E5801ED00E39D61 /* Build configuration list for PBXProject "PullableView" */;
			compatibilityVersion = "Xcode 3.2";
			developmentRegion = English;
			hasScannedForEncodings = 0;
			knownRegions = (
				en,
				Base,
			);
			mainGroup = F7B3787B1E5801ED00E39D61;
			productRefGroup = F7B378851E5801ED00E39D61 /* Products */;
			projectDirPath = "";
			projectRoot = "";
			targets = (
				F7B378831E5801ED00E39D61 /* ScoutShortcut */,
			);
		};
/* End PBXProject section */

/* Begin PBXResourcesBuildPhase section */
		F7B378821E5801ED00E39D61 /* Resources */ = {
			isa = PBXResourcesBuildPhase;
			buildActionMask = 2147483647;
			files = (
				F7B378971E5801ED00E39D61 /* LaunchScreen.storyboard in Resources */,
				F7B378941E5801ED00E39D61 /* Assets.xcassets in Resources */,
				F7B378921E5801ED00E39D61 /* Main.storyboard in Resources */,
			);
			runOnlyForDeploymentPostprocessing = 0;
		};
/* End PBXResourcesBuildPhase section */

/* Begin PBXSourcesBuildPhase section */
		F7B378801E5801ED00E39D61 /* Sources */ = {
			isa = PBXSourcesBuildPhase;
			buildActionMask = 2147483647;
			files = (
				F7B3788C1E5801ED00E39D61 /* AppDelegate.m in Sources */,
				F7B378B11E594AA100E39D61 /* TnPullableView.m in Sources */,
				F7B378891E5801ED00E39D61 /* main.m in Sources */,
				F7B378AE1E59493800E39D61 /* TnDashboardViewController.m in Sources */,
				F7B378B71E594FDC00E39D61 /* TnShortcutPullableView.m in Sources */,
			);
			runOnlyForDeploymentPostprocessing = 0;
		};
/* End PBXSourcesBuildPhase section */

/* Begin PBXVariantGroup section */
		F7B378901E5801ED00E39D61 /* Main.storyboard */ = {
			isa = PBXVariantGroup;
			children = (
				F7B378911E5801ED00E39D61 /* Base */,
			);
			name = Main.storyboard;
			sourceTree = "<group>";
		};
		F7B378951E5801ED00E39D61 /* LaunchScreen.storyboard */ = {
			isa = PBXVariantGroup;
			children = (
				F7B378961E5801ED00E39D61 /* Base */,
			);
			name = LaunchScreen.storyboard;
			sourceTree = "<group>";
		};
/* End PBXVariantGroup section */

/* Begin XCBuildConfiguration section */
		F7B378991E5801ED00E39D61 /* Debug */ = {
			isa = XCBuildConfiguration;
			buildSettings = {
				ALWAYS_SEARCH_USER_PATHS = NO;
				CLANG_ANALYZER_NONNULL = YES;
				CLANG_CXX_LANGUAGE_STANDARD = "gnu++0x";
				CLANG_CXX_LIBRARY = "libc++";
				CLANG_ENABLE_MODULES = YES;
				CLANG_ENABLE_OBJC_ARC = YES;
				CLANG_WARN_BOOL_CONVERSION = YES;
				CLANG_WARN_CONSTANT_CONVERSION = YES;
				CLANG_WARN_DIRECT_OBJC_ISA_USAGE = YES_ERROR;
				CLANG_WARN_DOCUMENTATION_COMMENTS = YES;
				CLANG_WARN_EMPTY_BODY = YES;
				CLANG_WARN_ENUM_CONVERSION = YES;
				CLANG_WARN_INFINITE_RECURSION = YES;
				CLANG_WARN_INT_CONVERSION = YES;
				CLANG_WARN_OBJC_ROOT_CLASS = YES_ERROR;
				CLANG_WARN_SUSPICIOUS_MOVE = YES;
				CLANG_WARN_UNREACHABLE_CODE = YES;
				CLANG_WARN__DUPLICATE_METHOD_MATCH = YES;
				"CODE_SIGN_IDENTITY[sdk=iphoneos*]" = "iPhone Developer";
				COPY_PHASE_STRIP = NO;
				DEBUG_INFORMATION_FORMAT = dwarf;
				ENABLE_STRICT_OBJC_MSGSEND = YES;
				ENABLE_TESTABILITY = YES;
				GCC_C_LANGUAGE_STANDARD = gnu99;
				GCC_DYNAMIC_NO_PIC = NO;
				GCC_NO_COMMON_BLOCKS = YES;
				GCC_OPTIMIZATION_LEVEL = 0;
				GCC_PREPROCESSOR_DEFINITIONS = (
					"DEBUG=1",
					"$(inherited)",
				);
				GCC_WARN_64_TO_32_BIT_CONVERSION = YES;
				GCC_WARN_ABOUT_RETURN_TYPE = YES_ERROR;
				GCC_WARN_UNDECLARED_SELECTOR = YES;
				GCC_WARN_UNINITIALIZED_AUTOS = YES_AGGRESSIVE;
				GCC_WARN_UNUSED_FUNCTION = YES;
				GCC_WARN_UNUSED_VARIABLE = YES;
				IPHONEOS_DEPLOYMENT_TARGET = 10.2;
				MTL_ENABLE_DEBUG_INFO = YES;
				ONLY_ACTIVE_ARCH = YES;
				SDKROOT = iphoneos;
			};
			name = Debug;
		};
		F7B3789A1E5801ED00E39D61 /* Release */ = {
			isa = XCBuildConfiguration;
			buildSettings = {
				ALWAYS_SEARCH_USER_PATHS = NO;
				CLANG_ANALYZER_NONNULL = YES;
				CLANG_CXX_LANGUAGE_STANDARD = "gnu++0x";
				CLANG_CXX_LIBRARY = "libc++";
				CLANG_ENABLE_MODULES = YES;
				CLANG_ENABLE_OBJC_ARC = YES;
				CLANG_WARN_BOOL_CONVERSION = YES;
				CLANG_WARN_CONSTANT_CONVERSION = YES;
				CLANG_WARN_DIRECT_OBJC_ISA_USAGE = YES_ERROR;
				CLANG_WARN_DOCUMENTATION_COMMENTS = YES;
				CLANG_WARN_EMPTY_BODY = YES;
				CLANG_WARN_ENUM_CONVERSION = YES;
				CLANG_WARN_INFINITE_RECURSION = YES;
				CLANG_WARN_INT_CONVERSION = YES;
				CLANG_WARN_OBJC_ROOT_CLASS = YES_ERROR;
				CLANG_WARN_SUSPICIOUS_MOVE = YES;
				CLANG_WARN_UNREACHABLE_CODE = YES;
				CLANG_WARN__DUPLICATE_METHOD_MATCH = YES;
				"CODE_SIGN_IDENTITY[sdk=iphoneos*]" = "iPhone Developer";
				COPY_PHASE_STRIP = NO;
				DEBUG_INFORMATION_FORMAT = "dwarf-with-dsym";
				ENABLE_NS_ASSERTIONS = NO;
				ENABLE_STRICT_OBJC_MSGSEND = YES;
				GCC_C_LANGUAGE_STANDARD = gnu99;
				GCC_NO_COMMON_BLOCKS = YES;
				GCC_WARN_64_TO_32_BIT_CONVERSION = YES;
				GCC_WARN_ABOUT_RETURN_TYPE = YES_ERROR;
				GCC_WARN_UNDECLARED_SELECTOR = YES;
				GCC_WARN_UNINITIALIZED_AUTOS = YES_AGGRESSIVE;
				GCC_WARN_UNUSED_FUNCTION = YES;
				GCC_WARN_UNUSED_VARIABLE = YES;
				IPHONEOS_DEPLOYMENT_TARGET = 10.2;
				MTL_ENABLE_DEBUG_INFO = NO;
				SDKROOT = iphoneos;
				VALIDATE_PRODUCT = YES;
			};
			name = Release;
		};
		F7B3789C1E5801ED00E39D61 /* Debug */ = {
			isa = XCBuildConfiguration;
			buildSettings = {
				ASSETCATALOG_COMPILER_APPICON_NAME = AppIcon;
				"CODE_SIGN_IDENTITY[sdk=iphoneos*]" = "iPhone Developer";
				DEVELOPMENT_TEAM = 8R5SSX8RV5;
				INFOPLIST_FILE = ScoutShortcut/Info.plist;
				LD_RUNPATH_SEARCH_PATHS = "$(inherited) @executable_path/Frameworks";
				PRODUCT_BUNDLE_IDENTIFIER = ClaireZhang.PullableView;
				PRODUCT_NAME = "$(TARGET_NAME)";
			};
			name = Debug;
		};
		F7B3789D1E5801ED00E39D61 /* Release */ = {
			isa = XCBuildConfiguration;
			buildSettings = {
				ASSETCATALOG_COMPILER_APPICON_NAME = AppIcon;
				"CODE_SIGN_IDENTITY[sdk=iphoneos*]" = "iPhone Developer";
				DEVELOPMENT_TEAM = 8R5SSX8RV5;
				INFOPLIST_FILE = ScoutShortcut/Info.plist;
				LD_RUNPATH_SEARCH_PATHS = "$(inherited) @executable_path/Frameworks";
				PRODUCT_BUNDLE_IDENTIFIER = ClaireZhang.PullableView;
				PRODUCT_NAME = "$(TARGET_NAME)";
			};
			name = Release;
		};
/* End XCBuildConfiguration section */

/* Begin XCConfigurationList section */
		F7B3787F1E5801ED00E39D61 /* Build configuration list for PBXProject "PullableView" */ = {
			isa = XCConfigurationList;
			buildConfigurations = (
				F7B378991E5801ED00E39D61 /* Debug */,
				F7B3789A1E5801ED00E39D61 /* Release */,
			);
			defaultConfigurationIsVisible = 0;
			defaultConfigurationName = Release;
		};
		F7B3789B1E5801ED00E39D61 /* Build configuration list for PBXNativeTarget "ScoutShortcut" */ = {
			isa = XCConfigurationList;
			buildConfigurations = (
				F7B3789C1E5801ED00E39D61 /* Debug */,
				F7B3789D1E5801ED00E39D61 /* Release */,
			);
			defaultConfigurationIsVisible = 0;
			defaultConfigurationName = Release;
		};
/* End XCConfigurationList section */
	};
	rootObject = F7B3787C1E5801ED00E39D61 /* Project object */;
}
